// !$*UTF8*$!
{
	archiveVersion = 1;
	classes = {
	};
	objectVersion = 51;
	objects = {

/* Begin PBXBuildFile section */
		0519EFF425BB7D5A00FF3925 /* FirebaseNewsFeedDatabase.swift in Sources */ = {isa = PBXBuildFile; fileRef = 0519EFF325BB7D5A00FF3925 /* FirebaseNewsFeedDatabase.swift */; };
		0549476625B9656F00714492 /* FirebasePostDataModel.swift in Sources */ = {isa = PBXBuildFile; fileRef = 0549476525B9656F00714492 /* FirebasePostDataModel.swift */; };
		05DA680025A87EFC000CE91D /* WithdrawalViewController.swift in Sources */ = {isa = PBXBuildFile; fileRef = 05DA67FF25A87EFC000CE91D /* WithdrawalViewController.swift */; };
		05E0C1BC25B7FAA3009DB146 /* FirebaseUserDataModel.swift in Sources */ = {isa = PBXBuildFile; fileRef = 05E0C1BA25B7FAA3009DB146 /* FirebaseUserDataModel.swift */; };
		05E0C1C625B7FAEC009DB146 /* MPMainViewController.swift in Sources */ = {isa = PBXBuildFile; fileRef = 05E0C1C425B7FAEC009DB146 /* MPMainViewController.swift */; };
		05E0C1CC25B7FB30009DB146 /* SignUpViewController.swift in Sources */ = {isa = PBXBuildFile; fileRef = 05E0C1CB25B7FB30009DB146 /* SignUpViewController.swift */; };
		05E0C1D025B7FB60009DB146 /* SettingViewController.swift in Sources */ = {isa = PBXBuildFile; fileRef = 05E0C1CF25B7FB60009DB146 /* SettingViewController.swift */; };
		05F8ECF825B9E95400958D06 /* PetDFirebaseStorage.swift in Sources */ = {isa = PBXBuildFile; fileRef = 05F8ECF725B9E95400958D06 /* PetDFirebaseStorage.swift */; };
		05FA7B1C25A7227C00E4A253 /* GoogleService-Info.plist in Resources */ = {isa = PBXBuildFile; fileRef = 05FA7B1B25A7227C00E4A253 /* GoogleService-Info.plist */; };
		475BB55125BC0EE000934A43 /* SecondIntroViewViewController.swift in Sources */ = {isa = PBXBuildFile; fileRef = 475BB55025BC0EE000934A43 /* SecondIntroViewViewController.swift */; };
		475BB55725BC0F0E00934A43 /* FourthIntroViewController.swift in Sources */ = {isa = PBXBuildFile; fileRef = 475BB55625BC0F0E00934A43 /* FourthIntroViewController.swift */; };
		475BB55A25BCFB1000934A43 /* SDSamliphopangcheBasic.otf in Resources */ = {isa = PBXBuildFile; fileRef = 475BB55925BCFB1000934A43 /* SDSamliphopangcheBasic.otf */; };
		47C846BD25A44E39005DAB89 /* NewsFeed.storyboard in Resources */ = {isa = PBXBuildFile; fileRef = 47C846BC25A44E39005DAB89 /* NewsFeed.storyboard */; };
		47FAB61A25AF4CDE005BEBAF /* Post.swift in Sources */ = {isa = PBXBuildFile; fileRef = 47FAB61925AF4CDE005BEBAF /* Post.swift */; };
		47FAB62525AF5343005BEBAF /* PostCell.swift in Sources */ = {isa = PBXBuildFile; fileRef = 47FAB62425AF5343005BEBAF /* PostCell.swift */; };
		47FAB62825AF53D0005BEBAF /* NewsFeedTableViewController.swift in Sources */ = {isa = PBXBuildFile; fileRef = 47FAB62725AF53D0005BEBAF /* NewsFeedTableViewController.swift */; };
		47FD397E25BAC8710062CBAB /* PageViewController.swift in Sources */ = {isa = PBXBuildFile; fileRef = 47FD397D25BAC8710062CBAB /* PageViewController.swift */; };
		47FD39DF25BBDB900062CBAB /* Cafe24Oneprettynight.ttf in Resources */ = {isa = PBXBuildFile; fileRef = 47FD39DE25BBDB900062CBAB /* Cafe24Oneprettynight.ttf */; };
		47FD39E225BBDC9E0062CBAB /* IntroViewController.swift in Sources */ = {isa = PBXBuildFile; fileRef = 47FD39E125BBDC9E0062CBAB /* IntroViewController.swift */; };
		76005365259DB48B0058F313 /* AppDelegate.swift in Sources */ = {isa = PBXBuildFile; fileRef = 76005364259DB48B0058F313 /* AppDelegate.swift */; };
		76005367259DB48B0058F313 /* SceneDelegate.swift in Sources */ = {isa = PBXBuildFile; fileRef = 76005366259DB48B0058F313 /* SceneDelegate.swift */; };
		76005369259DB48B0058F313 /* ViewController.swift in Sources */ = {isa = PBXBuildFile; fileRef = 76005368259DB48B0058F313 /* ViewController.swift */; };
		7600536C259DB48B0058F313 /* Main.storyboard in Resources */ = {isa = PBXBuildFile; fileRef = 7600536A259DB48B0058F313 /* Main.storyboard */; };
		7600536E259DB48C0058F313 /* Assets.xcassets in Resources */ = {isa = PBXBuildFile; fileRef = 7600536D259DB48C0058F313 /* Assets.xcassets */; };
		76005371259DB48C0058F313 /* LaunchScreen.storyboard in Resources */ = {isa = PBXBuildFile; fileRef = 7600536F259DB48C0058F313 /* LaunchScreen.storyboard */; };
		7600538C259DF1DD0058F313 /* Feed.storyboard in Resources */ = {isa = PBXBuildFile; fileRef = 7600538B259DF1DD0058F313 /* Feed.storyboard */; };
		7600538F259DF1F10058F313 /* MyPage.storyboard in Resources */ = {isa = PBXBuildFile; fileRef = 7600538E259DF1F10058F313 /* MyPage.storyboard */; };
		7640D69B25AECF5100A15B14 /* GlobalConstant.swift in Sources */ = {isa = PBXBuildFile; fileRef = 7640D69A25AECF5100A15B14 /* GlobalConstant.swift */; };
		7640D69F25AED1B000A15B14 /* UICollectionViewCell+Extension.swift in Sources */ = {isa = PBXBuildFile; fileRef = 7640D69E25AED1B000A15B14 /* UICollectionViewCell+Extension.swift */; };
		7640D6A325AED24000A15B14 /* TodayDateCenter.swift in Sources */ = {isa = PBXBuildFile; fileRef = 7640D6A225AED24000A15B14 /* TodayDateCenter.swift */; };
		7640D6A925AED38C00A15B14 /* UIColor+Extension.swift in Sources */ = {isa = PBXBuildFile; fileRef = 7640D6A825AED38C00A15B14 /* UIColor+Extension.swift */; };
		7640D6AC25AED43C00A15B14 /* DayInfo.swift in Sources */ = {isa = PBXBuildFile; fileRef = 7640D6AB25AED43C00A15B14 /* DayInfo.swift */; };
		7655053925A31D2300FA5CFE /* FeedViewController.swift in Sources */ = {isa = PBXBuildFile; fileRef = 7655053825A31D2300FA5CFE /* FeedViewController.swift */; };
		7655054425A4763600FA5CFE /* AddDiaryViewController.swift in Sources */ = {isa = PBXBuildFile; fileRef = 7655054325A4763600FA5CFE /* AddDiaryViewController.swift */; };
		769BF41625A6F4EA0098DC87 /* AddPostViewController.swift in Sources */ = {isa = PBXBuildFile; fileRef = 769BF41525A6F4EA0098DC87 /* AddPostViewController.swift */; };
		76B621CA25B4CEEC0049493B /* TodayMemoViewController.swift in Sources */ = {isa = PBXBuildFile; fileRef = 76B621C925B4CEEC0049493B /* TodayMemoViewController.swift */; };
		76F1381F25B9545A0082CDB1 /* EditProfileViewController.swift in Sources */ = {isa = PBXBuildFile; fileRef = 76F1381E25B9545A0082CDB1 /* EditProfileViewController.swift */; };
		76F1383025BAC8C90082CDB1 /* UIImage+.swift in Sources */ = {isa = PBXBuildFile; fileRef = 76F1382F25BAC8C90082CDB1 /* UIImage+.swift */; };
		76F718FF25B89779009E87E1 /* MyPageViewController.swift in Sources */ = {isa = PBXBuildFile; fileRef = 76F718FE25B89779009E87E1 /* MyPageViewController.swift */; };
		D2729DE7BE144748584B6206 /* Pods_DogWalker_iosapp.framework in Frameworks */ = {isa = PBXBuildFile; fileRef = A26A2BB11DF6DAF865C3E163 /* Pods_DogWalker_iosapp.framework */; };
/* End PBXBuildFile section */

/* Begin PBXFileReference section */
		0519EFF325BB7D5A00FF3925 /* FirebaseNewsFeedDatabase.swift */ = {isa = PBXFileReference; lastKnownFileType = sourcecode.swift; path = FirebaseNewsFeedDatabase.swift; sourceTree = "<group>"; };
		0549476525B9656F00714492 /* FirebasePostDataModel.swift */ = {isa = PBXFileReference; lastKnownFileType = sourcecode.swift; path = FirebasePostDataModel.swift; sourceTree = "<group>"; };
		0551FB3825C97D9400402FC7 /* DogWalker_iosapp.entitlements */ = {isa = PBXFileReference; lastKnownFileType = text.plist.entitlements; path = DogWalker_iosapp.entitlements; sourceTree = "<group>"; };
		05DA67FF25A87EFC000CE91D /* WithdrawalViewController.swift */ = {isa = PBXFileReference; lastKnownFileType = sourcecode.swift; path = WithdrawalViewController.swift; sourceTree = "<group>"; };
		05E0C1BA25B7FAA3009DB146 /* FirebaseUserDataModel.swift */ = {isa = PBXFileReference; fileEncoding = 4; lastKnownFileType = sourcecode.swift; path = FirebaseUserDataModel.swift; sourceTree = "<group>"; };
		05E0C1C425B7FAEC009DB146 /* MPMainViewController.swift */ = {isa = PBXFileReference; fileEncoding = 4; lastKnownFileType = sourcecode.swift; path = MPMainViewController.swift; sourceTree = "<group>"; };
		05E0C1CB25B7FB30009DB146 /* SignUpViewController.swift */ = {isa = PBXFileReference; fileEncoding = 4; lastKnownFileType = sourcecode.swift; path = SignUpViewController.swift; sourceTree = "<group>"; };
		05E0C1CF25B7FB60009DB146 /* SettingViewController.swift */ = {isa = PBXFileReference; fileEncoding = 4; lastKnownFileType = sourcecode.swift; path = SettingViewController.swift; sourceTree = "<group>"; };
		05F8ECF725B9E95400958D06 /* PetDFirebaseStorage.swift */ = {isa = PBXFileReference; lastKnownFileType = sourcecode.swift; path = PetDFirebaseStorage.swift; sourceTree = "<group>"; };
		05FA7B1B25A7227C00E4A253 /* GoogleService-Info.plist */ = {isa = PBXFileReference; fileEncoding = 4; lastKnownFileType = text.plist.xml; path = "GoogleService-Info.plist"; sourceTree = "<group>"; };
		0643566F6D350D71265F9BFD /* Pods-DogWalker_iosapp.debug.xcconfig */ = {isa = PBXFileReference; includeInIndex = 1; lastKnownFileType = text.xcconfig; name = "Pods-DogWalker_iosapp.debug.xcconfig"; path = "Target Support Files/Pods-DogWalker_iosapp/Pods-DogWalker_iosapp.debug.xcconfig"; sourceTree = "<group>"; };
		475BB55025BC0EE000934A43 /* SecondIntroViewViewController.swift */ = {isa = PBXFileReference; lastKnownFileType = sourcecode.swift; path = SecondIntroViewViewController.swift; sourceTree = "<group>"; };
		475BB55625BC0F0E00934A43 /* FourthIntroViewController.swift */ = {isa = PBXFileReference; lastKnownFileType = sourcecode.swift; path = FourthIntroViewController.swift; sourceTree = "<group>"; };
		475BB55925BCFB1000934A43 /* SDSamliphopangcheBasic.otf */ = {isa = PBXFileReference; lastKnownFileType = file; path = SDSamliphopangcheBasic.otf; sourceTree = "<group>"; };
		47C846BC25A44E39005DAB89 /* NewsFeed.storyboard */ = {isa = PBXFileReference; lastKnownFileType = file.storyboard; path = NewsFeed.storyboard; sourceTree = "<group>"; };
		47FAB61925AF4CDE005BEBAF /* Post.swift */ = {isa = PBXFileReference; lastKnownFileType = sourcecode.swift; path = Post.swift; sourceTree = "<group>"; };
		47FAB62425AF5343005BEBAF /* PostCell.swift */ = {isa = PBXFileReference; lastKnownFileType = sourcecode.swift; path = PostCell.swift; sourceTree = "<group>"; };
		47FAB62725AF53D0005BEBAF /* NewsFeedTableViewController.swift */ = {isa = PBXFileReference; lastKnownFileType = sourcecode.swift; path = NewsFeedTableViewController.swift; sourceTree = "<group>"; };
		47FD397D25BAC8710062CBAB /* PageViewController.swift */ = {isa = PBXFileReference; lastKnownFileType = sourcecode.swift; path = PageViewController.swift; sourceTree = "<group>"; };
		47FD39DE25BBDB900062CBAB /* Cafe24Oneprettynight.ttf */ = {isa = PBXFileReference; lastKnownFileType = file; path = Cafe24Oneprettynight.ttf; sourceTree = "<group>"; };
		47FD39E125BBDC9E0062CBAB /* IntroViewController.swift */ = {isa = PBXFileReference; lastKnownFileType = sourcecode.swift; path = IntroViewController.swift; sourceTree = "<group>"; };
		5F3146EC17AD24BC32DC027B /* Pods-DogWalker_iosapp.release.xcconfig */ = {isa = PBXFileReference; includeInIndex = 1; lastKnownFileType = text.xcconfig; name = "Pods-DogWalker_iosapp.release.xcconfig"; path = "Target Support Files/Pods-DogWalker_iosapp/Pods-DogWalker_iosapp.release.xcconfig"; sourceTree = "<group>"; };
		76005361259DB48B0058F313 /* DogWalker_iosapp.app */ = {isa = PBXFileReference; explicitFileType = wrapper.application; includeInIndex = 0; path = DogWalker_iosapp.app; sourceTree = BUILT_PRODUCTS_DIR; };
		76005364259DB48B0058F313 /* AppDelegate.swift */ = {isa = PBXFileReference; lastKnownFileType = sourcecode.swift; path = AppDelegate.swift; sourceTree = "<group>"; };
		76005366259DB48B0058F313 /* SceneDelegate.swift */ = {isa = PBXFileReference; lastKnownFileType = sourcecode.swift; path = SceneDelegate.swift; sourceTree = "<group>"; };
		76005368259DB48B0058F313 /* ViewController.swift */ = {isa = PBXFileReference; lastKnownFileType = sourcecode.swift; path = ViewController.swift; sourceTree = "<group>"; };
		7600536B259DB48B0058F313 /* Base */ = {isa = PBXFileReference; lastKnownFileType = file.storyboard; name = Base; path = Base.lproj/Main.storyboard; sourceTree = "<group>"; };
		7600536D259DB48C0058F313 /* Assets.xcassets */ = {isa = PBXFileReference; lastKnownFileType = folder.assetcatalog; path = Assets.xcassets; sourceTree = "<group>"; };
		76005370259DB48C0058F313 /* Base */ = {isa = PBXFileReference; lastKnownFileType = file.storyboard; name = Base; path = Base.lproj/LaunchScreen.storyboard; sourceTree = "<group>"; };
		76005372259DB48C0058F313 /* Info.plist */ = {isa = PBXFileReference; lastKnownFileType = text.plist.xml; path = Info.plist; sourceTree = "<group>"; };
		7600538B259DF1DD0058F313 /* Feed.storyboard */ = {isa = PBXFileReference; lastKnownFileType = file.storyboard; path = Feed.storyboard; sourceTree = "<group>"; };
		7600538E259DF1F10058F313 /* MyPage.storyboard */ = {isa = PBXFileReference; lastKnownFileType = file.storyboard; path = MyPage.storyboard; sourceTree = "<group>"; };
		7640D69A25AECF5100A15B14 /* GlobalConstant.swift */ = {isa = PBXFileReference; lastKnownFileType = sourcecode.swift; path = GlobalConstant.swift; sourceTree = "<group>"; };
		7640D69E25AED1B000A15B14 /* UICollectionViewCell+Extension.swift */ = {isa = PBXFileReference; lastKnownFileType = sourcecode.swift; path = "UICollectionViewCell+Extension.swift"; sourceTree = "<group>"; };
		7640D6A225AED24000A15B14 /* TodayDateCenter.swift */ = {isa = PBXFileReference; lastKnownFileType = sourcecode.swift; path = TodayDateCenter.swift; sourceTree = "<group>"; };
		7640D6A825AED38C00A15B14 /* UIColor+Extension.swift */ = {isa = PBXFileReference; lastKnownFileType = sourcecode.swift; path = "UIColor+Extension.swift"; sourceTree = "<group>"; };
		7640D6AB25AED43C00A15B14 /* DayInfo.swift */ = {isa = PBXFileReference; lastKnownFileType = sourcecode.swift; path = DayInfo.swift; sourceTree = "<group>"; };
		7655053825A31D2300FA5CFE /* FeedViewController.swift */ = {isa = PBXFileReference; lastKnownFileType = sourcecode.swift; path = FeedViewController.swift; sourceTree = "<group>"; };
		7655054325A4763600FA5CFE /* AddDiaryViewController.swift */ = {isa = PBXFileReference; lastKnownFileType = sourcecode.swift; path = AddDiaryViewController.swift; sourceTree = "<group>"; };
		769BF41525A6F4EA0098DC87 /* AddPostViewController.swift */ = {isa = PBXFileReference; lastKnownFileType = sourcecode.swift; path = AddPostViewController.swift; sourceTree = "<group>"; };
		76B621C925B4CEEC0049493B /* TodayMemoViewController.swift */ = {isa = PBXFileReference; lastKnownFileType = sourcecode.swift; name = TodayMemoViewController.swift; path = DogWalker_iosapp/ViewController/Feed/TodayMemoViewController.swift; sourceTree = SOURCE_ROOT; };
		76F1381E25B9545A0082CDB1 /* EditProfileViewController.swift */ = {isa = PBXFileReference; lastKnownFileType = sourcecode.swift; path = EditProfileViewController.swift; sourceTree = "<group>"; };
		76F1382B25BAC0010082CDB1 /* Carthage */ = {isa = PBXFileReference; lastKnownFileType = folder; path = Carthage; sourceTree = "<group>"; };
		76F1382F25BAC8C90082CDB1 /* UIImage+.swift */ = {isa = PBXFileReference; lastKnownFileType = sourcecode.swift; path = "UIImage+.swift"; sourceTree = "<group>"; };
		76F718FE25B89779009E87E1 /* MyPageViewController.swift */ = {isa = PBXFileReference; lastKnownFileType = sourcecode.swift; path = MyPageViewController.swift; sourceTree = "<group>"; };
		A26A2BB11DF6DAF865C3E163 /* Pods_DogWalker_iosapp.framework */ = {isa = PBXFileReference; explicitFileType = wrapper.framework; includeInIndex = 0; path = Pods_DogWalker_iosapp.framework; sourceTree = BUILT_PRODUCTS_DIR; };
/* End PBXFileReference section */

/* Begin PBXFrameworksBuildPhase section */
		7600535E259DB48B0058F313 /* Frameworks */ = {
			isa = PBXFrameworksBuildPhase;
			buildActionMask = 2147483647;
			files = (
				D2729DE7BE144748584B6206 /* Pods_DogWalker_iosapp.framework in Frameworks */,
			);
			runOnlyForDeploymentPostprocessing = 0;
		};
/* End PBXFrameworksBuildPhase section */

/* Begin PBXGroup section */
		053BDC4325B1D66F003B3180 /* MyPage */ = {
			isa = PBXGroup;
			children = (
				05E0C1CF25B7FB60009DB146 /* SettingViewController.swift */,
				05DA67FF25A87EFC000CE91D /* WithdrawalViewController.swift */,
				76F718FE25B89779009E87E1 /* MyPageViewController.swift */,
				76F1381E25B9545A0082CDB1 /* EditProfileViewController.swift */,
			);
			path = MyPage;
			sourceTree = "<group>";
		};
		053BDC4525B1E625003B3180 /* Feed */ = {
			isa = PBXGroup;
			children = (
				7655053825A31D2300FA5CFE /* FeedViewController.swift */,
				7655054325A4763600FA5CFE /* AddDiaryViewController.swift */,
				76B621C925B4CEEC0049493B /* TodayMemoViewController.swift */,
				769BF41525A6F4EA0098DC87 /* AddPostViewController.swift */,
			);
			path = Feed;
			sourceTree = "<group>";
		};
		05E0C1C225B7FADF009DB146 /* Main */ = {
			isa = PBXGroup;
			children = (
				05E0C1CB25B7FB30009DB146 /* SignUpViewController.swift */,
				05E0C1C425B7FAEC009DB146 /* MPMainViewController.swift */,
				47FD397D25BAC8710062CBAB /* PageViewController.swift */,
				47FD39E125BBDC9E0062CBAB /* IntroViewController.swift */,
				475BB55025BC0EE000934A43 /* SecondIntroViewViewController.swift */,
				475BB55625BC0F0E00934A43 /* FourthIntroViewController.swift */,
			);
			path = Main;
			sourceTree = "<group>";
		};
		05E0C1D325B80179009DB146 /* DBmodel */ = {
			isa = PBXGroup;
			children = (
				05E0C1BA25B7FAA3009DB146 /* FirebaseUserDataModel.swift */,
				0549476525B9656F00714492 /* FirebasePostDataModel.swift */,
				05F8ECF725B9E95400958D06 /* PetDFirebaseStorage.swift */,
				0519EFF325BB7D5A00FF3925 /* FirebaseNewsFeedDatabase.swift */,
			);
			path = DBmodel;
			sourceTree = "<group>";
		};
		478FB16425B7EC1A00E252FA /* NewsFeed */ = {
			isa = PBXGroup;
			children = (
				47FAB62725AF53D0005BEBAF /* NewsFeedTableViewController.swift */,
				478FB16525B7EC9200E252FA /* Cell */,
			);
			path = NewsFeed;
			sourceTree = "<group>";
		};
		478FB16525B7EC9200E252FA /* Cell */ = {
			isa = PBXGroup;
			children = (
				47FAB62425AF5343005BEBAF /* PostCell.swift */,
			);
			path = Cell;
			sourceTree = "<group>";
		};
		47FD39D925BBDB740062CBAB /* Fonts */ = {
			isa = PBXGroup;
			children = (
				475BB55925BCFB1000934A43 /* SDSamliphopangcheBasic.otf */,
				47FD39DE25BBDB900062CBAB /* Cafe24Oneprettynight.ttf */,
			);
			path = Fonts;
			sourceTree = "<group>";
		};
		76005358259DB48B0058F313 = {
			isa = PBXGroup;
			children = (
				76005363259DB48B0058F313 /* DogWalker_iosapp */,
				76005362259DB48B0058F313 /* Products */,
				9B9437F486FC93184341254B /* Frameworks */,
				E69C5FE53770345F76FE2A60 /* Pods */,
			);
			sourceTree = "<group>";
		};
		76005362259DB48B0058F313 /* Products */ = {
			isa = PBXGroup;
			children = (
				76005361259DB48B0058F313 /* DogWalker_iosapp.app */,
			);
			name = Products;
			sourceTree = "<group>";
		};
		76005363259DB48B0058F313 /* DogWalker_iosapp */ = {
			isa = PBXGroup;
			children = (
				0551FB3825C97D9400402FC7 /* DogWalker_iosapp.entitlements */,
				47FD39D925BBDB740062CBAB /* Fonts */,
				7640D6A125AED23600A15B14 /* Model */,
				7640D69925AECF2B00A15B14 /* Extension */,
				769BF40F25A6E0E60098DC87 /* ViewController */,
				769BF40D25A6E0960098DC87 /* Storyboard */,
				76005364259DB48B0058F313 /* AppDelegate.swift */,
				76005366259DB48B0058F313 /* SceneDelegate.swift */,
				7600536D259DB48C0058F313 /* Assets.xcassets */,
				05FA7B1B25A7227C00E4A253 /* GoogleService-Info.plist */,
				76005372259DB48C0058F313 /* Info.plist */,
			);
			path = DogWalker_iosapp;
			sourceTree = "<group>";
		};
		7640D69925AECF2B00A15B14 /* Extension */ = {
			isa = PBXGroup;
			children = (
				7640D69A25AECF5100A15B14 /* GlobalConstant.swift */,
				7640D69E25AED1B000A15B14 /* UICollectionViewCell+Extension.swift */,
				7640D6A825AED38C00A15B14 /* UIColor+Extension.swift */,
				76F1382F25BAC8C90082CDB1 /* UIImage+.swift */,
			);
			path = Extension;
			sourceTree = "<group>";
		};
		7640D6A125AED23600A15B14 /* Model */ = {
			isa = PBXGroup;
			children = (
				05E0C1D325B80179009DB146 /* DBmodel */,
				7640D6A225AED24000A15B14 /* TodayDateCenter.swift */,
				7640D6AB25AED43C00A15B14 /* DayInfo.swift */,
				47FAB61925AF4CDE005BEBAF /* Post.swift */,
			);
			path = Model;
			sourceTree = "<group>";
		};
		769BF40D25A6E0960098DC87 /* Storyboard */ = {
			isa = PBXGroup;
			children = (
				7600536A259DB48B0058F313 /* Main.storyboard */,
				7600536F259DB48C0058F313 /* LaunchScreen.storyboard */,
				7600538B259DF1DD0058F313 /* Feed.storyboard */,
				47C846BC25A44E39005DAB89 /* NewsFeed.storyboard */,
				7600538E259DF1F10058F313 /* MyPage.storyboard */,
			);
			path = Storyboard;
			sourceTree = "<group>";
		};
		769BF40F25A6E0E60098DC87 /* ViewController */ = {
			isa = PBXGroup;
			children = (
				05E0C1C225B7FADF009DB146 /* Main */,
				478FB16425B7EC1A00E252FA /* NewsFeed */,
				053BDC4525B1E625003B3180 /* Feed */,
				053BDC4325B1D66F003B3180 /* MyPage */,
				76005368259DB48B0058F313 /* ViewController.swift */,
			);
			path = ViewController;
			sourceTree = "<group>";
		};
		9B9437F486FC93184341254B /* Frameworks */ = {
			isa = PBXGroup;
			children = (
				76F1382B25BAC0010082CDB1 /* Carthage */,
				A26A2BB11DF6DAF865C3E163 /* Pods_DogWalker_iosapp.framework */,
			);
			name = Frameworks;
			sourceTree = "<group>";
		};
		E69C5FE53770345F76FE2A60 /* Pods */ = {
			isa = PBXGroup;
			children = (
				0643566F6D350D71265F9BFD /* Pods-DogWalker_iosapp.debug.xcconfig */,
				5F3146EC17AD24BC32DC027B /* Pods-DogWalker_iosapp.release.xcconfig */,
			);
			path = Pods;
			sourceTree = "<group>";
		};
/* End PBXGroup section */

/* Begin PBXNativeTarget section */
		76005360259DB48B0058F313 /* DogWalker_iosapp */ = {
			isa = PBXNativeTarget;
			buildConfigurationList = 76005375259DB48C0058F313 /* Build configuration list for PBXNativeTarget "DogWalker_iosapp" */;
			buildPhases = (
				F19F1E55197DF4D21A0570C8 /* [CP] Check Pods Manifest.lock */,
				7600535D259DB48B0058F313 /* Sources */,
				7600535E259DB48B0058F313 /* Frameworks */,
				7600535F259DB48B0058F313 /* Resources */,
				19528D10F2B24501631B9D01 /* [CP] Embed Pods Frameworks */,
			);
			buildRules = (
			);
			dependencies = (
			);
			name = DogWalker_iosapp;
			productName = DogWalker_iosapp;
			productReference = 76005361259DB48B0058F313 /* DogWalker_iosapp.app */;
			productType = "com.apple.product-type.application";
		};
/* End PBXNativeTarget section */

/* Begin PBXProject section */
		76005359259DB48B0058F313 /* Project object */ = {
			isa = PBXProject;
			attributes = {
				LastSwiftUpdateCheck = 1230;
				LastUpgradeCheck = 1230;
				TargetAttributes = {
					76005360259DB48B0058F313 = {
						CreatedOnToolsVersion = 12.3;
					};
				};
			};
			buildConfigurationList = 7600535C259DB48B0058F313 /* Build configuration list for PBXProject "DogWalker_iosapp" */;
			compatibilityVersion = "Xcode 9.3";
			developmentRegion = en;
			hasScannedForEncodings = 0;
			knownRegions = (
				en,
				Base,
			);
			mainGroup = 76005358259DB48B0058F313;
			productRefGroup = 76005362259DB48B0058F313 /* Products */;
			projectDirPath = "";
			projectRoot = "";
			targets = (
				76005360259DB48B0058F313 /* DogWalker_iosapp */,
			);
		};
/* End PBXProject section */

/* Begin PBXResourcesBuildPhase section */
		7600535F259DB48B0058F313 /* Resources */ = {
			isa = PBXResourcesBuildPhase;
			buildActionMask = 2147483647;
			files = (
				47FD39DF25BBDB900062CBAB /* Cafe24Oneprettynight.ttf in Resources */,
				475BB55A25BCFB1000934A43 /* SDSamliphopangcheBasic.otf in Resources */,
				76005371259DB48C0058F313 /* LaunchScreen.storyboard in Resources */,
				7600538F259DF1F10058F313 /* MyPage.storyboard in Resources */,
				47C846BD25A44E39005DAB89 /* NewsFeed.storyboard in Resources */,
				7600536E259DB48C0058F313 /* Assets.xcassets in Resources */,
				7600538C259DF1DD0058F313 /* Feed.storyboard in Resources */,
				7600536C259DB48B0058F313 /* Main.storyboard in Resources */,
				05FA7B1C25A7227C00E4A253 /* GoogleService-Info.plist in Resources */,
			);
			runOnlyForDeploymentPostprocessing = 0;
		};
/* End PBXResourcesBuildPhase section */

/* Begin PBXShellScriptBuildPhase section */
		19528D10F2B24501631B9D01 /* [CP] Embed Pods Frameworks */ = {
			isa = PBXShellScriptBuildPhase;
			buildActionMask = 2147483647;
			files = (
			);
			inputFileListPaths = (
				"${PODS_ROOT}/Target Support Files/Pods-DogWalker_iosapp/Pods-DogWalker_iosapp-frameworks-${CONFIGURATION}-input-files.xcfilelist",
			);
			name = "[CP] Embed Pods Frameworks";
			outputFileListPaths = (
				"${PODS_ROOT}/Target Support Files/Pods-DogWalker_iosapp/Pods-DogWalker_iosapp-frameworks-${CONFIGURATION}-output-files.xcfilelist",
			);
			runOnlyForDeploymentPostprocessing = 0;
			shellPath = /bin/sh;
			shellScript = "\"${PODS_ROOT}/Target Support Files/Pods-DogWalker_iosapp/Pods-DogWalker_iosapp-frameworks.sh\"\n";
			showEnvVarsInLog = 0;
		};
		F19F1E55197DF4D21A0570C8 /* [CP] Check Pods Manifest.lock */ = {
			isa = PBXShellScriptBuildPhase;
			buildActionMask = 2147483647;
			files = (
			);
			inputFileListPaths = (
			);
			inputPaths = (
				"${PODS_PODFILE_DIR_PATH}/Podfile.lock",
				"${PODS_ROOT}/Manifest.lock",
			);
			name = "[CP] Check Pods Manifest.lock";
			outputFileListPaths = (
			);
			outputPaths = (
				"$(DERIVED_FILE_DIR)/Pods-DogWalker_iosapp-checkManifestLockResult.txt",
			);
			runOnlyForDeploymentPostprocessing = 0;
			shellPath = /bin/sh;
			shellScript = "diff \"${PODS_PODFILE_DIR_PATH}/Podfile.lock\" \"${PODS_ROOT}/Manifest.lock\" > /dev/null\nif [ $? != 0 ] ; then\n    # print error to STDERR\n    echo \"error: The sandbox is not in sync with the Podfile.lock. Run 'pod install' or update your CocoaPods installation.\" >&2\n    exit 1\nfi\n# This output is used by Xcode 'outputs' to avoid re-running this script phase.\necho \"SUCCESS\" > \"${SCRIPT_OUTPUT_FILE_0}\"\n";
			showEnvVarsInLog = 0;
		};
/* End PBXShellScriptBuildPhase section */

/* Begin PBXSourcesBuildPhase section */
		7600535D259DB48B0058F313 /* Sources */ = {
			isa = PBXSourcesBuildPhase;
			buildActionMask = 2147483647;
			files = (
				0549476625B9656F00714492 /* FirebasePostDataModel.swift in Sources */,
				76F1381F25B9545A0082CDB1 /* EditProfileViewController.swift in Sources */,
				7640D6A325AED24000A15B14 /* TodayDateCenter.swift in Sources */,
				05E0C1BC25B7FAA3009DB146 /* FirebaseUserDataModel.swift in Sources */,
				7640D6AC25AED43C00A15B14 /* DayInfo.swift in Sources */,
				76005369259DB48B0058F313 /* ViewController.swift in Sources */,
				76B621CA25B4CEEC0049493B /* TodayMemoViewController.swift in Sources */,
				05F8ECF825B9E95400958D06 /* PetDFirebaseStorage.swift in Sources */,
				7640D6A925AED38C00A15B14 /* UIColor+Extension.swift in Sources */,
				76F718FF25B89779009E87E1 /* MyPageViewController.swift in Sources */,
				7640D69B25AECF5100A15B14 /* GlobalConstant.swift in Sources */,
				47FD397E25BAC8710062CBAB /* PageViewController.swift in Sources */,
				05E0C1C625B7FAEC009DB146 /* MPMainViewController.swift in Sources */,
				76005365259DB48B0058F313 /* AppDelegate.swift in Sources */,
				05E0C1D025B7FB60009DB146 /* SettingViewController.swift in Sources */,
				47FAB62825AF53D0005BEBAF /* NewsFeedTableViewController.swift in Sources */,
				7655053925A31D2300FA5CFE /* FeedViewController.swift in Sources */,
				7640D69F25AED1B000A15B14 /* UICollectionViewCell+Extension.swift in Sources */,
				76F1383025BAC8C90082CDB1 /* UIImage+.swift in Sources */,
				475BB55725BC0F0E00934A43 /* FourthIntroViewController.swift in Sources */,
				47FAB62525AF5343005BEBAF /* PostCell.swift in Sources */,
				0519EFF425BB7D5A00FF3925 /* FirebaseNewsFeedDatabase.swift in Sources */,
				05DA680025A87EFC000CE91D /* WithdrawalViewController.swift in Sources */,
				7655054425A4763600FA5CFE /* AddDiaryViewController.swift in Sources */,
				47FD39E225BBDC9E0062CBAB /* IntroViewController.swift in Sources */,
				76005367259DB48B0058F313 /* SceneDelegate.swift in Sources */,
				47FAB61A25AF4CDE005BEBAF /* Post.swift in Sources */,
				769BF41625A6F4EA0098DC87 /* AddPostViewController.swift in Sources */,
				475BB55125BC0EE000934A43 /* SecondIntroViewViewController.swift in Sources */,
				05E0C1CC25B7FB30009DB146 /* SignUpViewController.swift in Sources */,
			);
			runOnlyForDeploymentPostprocessing = 0;
		};
/* End PBXSourcesBuildPhase section */

/* Begin PBXVariantGroup section */
		7600536A259DB48B0058F313 /* Main.storyboard */ = {
			isa = PBXVariantGroup;
			children = (
				7600536B259DB48B0058F313 /* Base */,
			);
			name = Main.storyboard;
			sourceTree = "<group>";
		};
		7600536F259DB48C0058F313 /* LaunchScreen.storyboard */ = {
			isa = PBXVariantGroup;
			children = (
				76005370259DB48C0058F313 /* Base */,
			);
			name = LaunchScreen.storyboard;
			sourceTree = "<group>";
		};
/* End PBXVariantGroup section */

/* Begin XCBuildConfiguration section */
		76005373259DB48C0058F313 /* Debug */ = {
			isa = XCBuildConfiguration;
			buildSettings = {
				ALWAYS_SEARCH_USER_PATHS = NO;
				CLANG_ANALYZER_LOCALIZABILITY_NONLOCALIZED = YES;
				CLANG_ANALYZER_NONNULL = YES;
				CLANG_ANALYZER_NUMBER_OBJECT_CONVERSION = YES_AGGRESSIVE;
				CLANG_CXX_LANGUAGE_STANDARD = "gnu++14";
				CLANG_CXX_LIBRARY = "libc++";
				CLANG_ENABLE_MODULES = YES;
				CLANG_ENABLE_OBJC_ARC = YES;
				CLANG_ENABLE_OBJC_WEAK = YES;
				CLANG_WARN_BLOCK_CAPTURE_AUTORELEASING = YES;
				CLANG_WARN_BOOL_CONVERSION = YES;
				CLANG_WARN_COMMA = YES;
				CLANG_WARN_CONSTANT_CONVERSION = YES;
				CLANG_WARN_DEPRECATED_OBJC_IMPLEMENTATIONS = YES;
				CLANG_WARN_DIRECT_OBJC_ISA_USAGE = YES_ERROR;
				CLANG_WARN_DOCUMENTATION_COMMENTS = YES;
				CLANG_WARN_EMPTY_BODY = YES;
				CLANG_WARN_ENUM_CONVERSION = YES;
				CLANG_WARN_INFINITE_RECURSION = YES;
				CLANG_WARN_INT_CONVERSION = YES;
				CLANG_WARN_NON_LITERAL_NULL_CONVERSION = YES;
				CLANG_WARN_OBJC_IMPLICIT_RETAIN_SELF = YES;
				CLANG_WARN_OBJC_LITERAL_CONVERSION = YES;
				CLANG_WARN_OBJC_ROOT_CLASS = YES_ERROR;
				CLANG_WARN_QUOTED_INCLUDE_IN_FRAMEWORK_HEADER = YES;
				CLANG_WARN_RANGE_LOOP_ANALYSIS = YES;
				CLANG_WARN_STRICT_PROTOTYPES = YES;
				CLANG_WARN_SUSPICIOUS_MOVE = YES;
				CLANG_WARN_UNGUARDED_AVAILABILITY = YES_AGGRESSIVE;
				CLANG_WARN_UNREACHABLE_CODE = YES;
				CLANG_WARN__DUPLICATE_METHOD_MATCH = YES;
				COPY_PHASE_STRIP = NO;
				DEBUG_INFORMATION_FORMAT = dwarf;
				ENABLE_STRICT_OBJC_MSGSEND = YES;
				ENABLE_TESTABILITY = YES;
				GCC_C_LANGUAGE_STANDARD = gnu11;
				GCC_DYNAMIC_NO_PIC = NO;
				GCC_NO_COMMON_BLOCKS = YES;
				GCC_OPTIMIZATION_LEVEL = 0;
				GCC_PREPROCESSOR_DEFINITIONS = (
					"DEBUG=1",
					"$(inherited)",
				);
				GCC_WARN_64_TO_32_BIT_CONVERSION = YES;
				GCC_WARN_ABOUT_RETURN_TYPE = YES_ERROR;
				GCC_WARN_UNDECLARED_SELECTOR = YES;
				GCC_WARN_UNINITIALIZED_AUTOS = YES_AGGRESSIVE;
				GCC_WARN_UNUSED_FUNCTION = YES;
				GCC_WARN_UNUSED_VARIABLE = YES;
				IPHONEOS_DEPLOYMENT_TARGET = 13.0;
				MTL_ENABLE_DEBUG_INFO = INCLUDE_SOURCE;
				MTL_FAST_MATH = YES;
				ONLY_ACTIVE_ARCH = YES;
				SDKROOT = iphoneos;
				SWIFT_ACTIVE_COMPILATION_CONDITIONS = DEBUG;
				SWIFT_OPTIMIZATION_LEVEL = "-Onone";
			};
			name = Debug;
		};
		76005374259DB48C0058F313 /* Release */ = {
			isa = XCBuildConfiguration;
			buildSettings = {
				ALWAYS_SEARCH_USER_PATHS = NO;
				CLANG_ANALYZER_LOCALIZABILITY_NONLOCALIZED = YES;
				CLANG_ANALYZER_NONNULL = YES;
				CLANG_ANALYZER_NUMBER_OBJECT_CONVERSION = YES_AGGRESSIVE;
				CLANG_CXX_LANGUAGE_STANDARD = "gnu++14";
				CLANG_CXX_LIBRARY = "libc++";
				CLANG_ENABLE_MODULES = YES;
				CLANG_ENABLE_OBJC_ARC = YES;
				CLANG_ENABLE_OBJC_WEAK = YES;
				CLANG_WARN_BLOCK_CAPTURE_AUTORELEASING = YES;
				CLANG_WARN_BOOL_CONVERSION = YES;
				CLANG_WARN_COMMA = YES;
				CLANG_WARN_CONSTANT_CONVERSION = YES;
				CLANG_WARN_DEPRECATED_OBJC_IMPLEMENTATIONS = YES;
				CLANG_WARN_DIRECT_OBJC_ISA_USAGE = YES_ERROR;
				CLANG_WARN_DOCUMENTATION_COMMENTS = YES;
				CLANG_WARN_EMPTY_BODY = YES;
				CLANG_WARN_ENUM_CONVERSION = YES;
				CLANG_WARN_INFINITE_RECURSION = YES;
				CLANG_WARN_INT_CONVERSION = YES;
				CLANG_WARN_NON_LITERAL_NULL_CONVERSION = YES;
				CLANG_WARN_OBJC_IMPLICIT_RETAIN_SELF = YES;
				CLANG_WARN_OBJC_LITERAL_CONVERSION = YES;
				CLANG_WARN_OBJC_ROOT_CLASS = YES_ERROR;
				CLANG_WARN_QUOTED_INCLUDE_IN_FRAMEWORK_HEADER = YES;
				CLANG_WARN_RANGE_LOOP_ANALYSIS = YES;
				CLANG_WARN_STRICT_PROTOTYPES = YES;
				CLANG_WARN_SUSPICIOUS_MOVE = YES;
				CLANG_WARN_UNGUARDED_AVAILABILITY = YES_AGGRESSIVE;
				CLANG_WARN_UNREACHABLE_CODE = YES;
				CLANG_WARN__DUPLICATE_METHOD_MATCH = YES;
				COPY_PHASE_STRIP = NO;
				DEBUG_INFORMATION_FORMAT = "dwarf-with-dsym";
				ENABLE_NS_ASSERTIONS = NO;
				ENABLE_STRICT_OBJC_MSGSEND = YES;
				GCC_C_LANGUAGE_STANDARD = gnu11;
				GCC_NO_COMMON_BLOCKS = YES;
				GCC_WARN_64_TO_32_BIT_CONVERSION = YES;
				GCC_WARN_ABOUT_RETURN_TYPE = YES_ERROR;
				GCC_WARN_UNDECLARED_SELECTOR = YES;
				GCC_WARN_UNINITIALIZED_AUTOS = YES_AGGRESSIVE;
				GCC_WARN_UNUSED_FUNCTION = YES;
				GCC_WARN_UNUSED_VARIABLE = YES;
				IPHONEOS_DEPLOYMENT_TARGET = 13.0;
				MTL_ENABLE_DEBUG_INFO = NO;
				MTL_FAST_MATH = YES;
				SDKROOT = iphoneos;
				SWIFT_COMPILATION_MODE = wholemodule;
				SWIFT_OPTIMIZATION_LEVEL = "-O";
				VALIDATE_PRODUCT = YES;
			};
			name = Release;
		};
		76005376259DB48C0058F313 /* Debug */ = {
			isa = XCBuildConfiguration;
			baseConfigurationReference = 0643566F6D350D71265F9BFD /* Pods-DogWalker_iosapp.debug.xcconfig */;
			buildSettings = {
				ASSETCATALOG_COMPILER_APPICON_NAME = AppIcon;
				ASSETCATALOG_COMPILER_GLOBAL_ACCENT_COLOR_NAME = AccentColor;
				CODE_SIGN_ENTITLEMENTS = DogWalker_iosapp/DogWalker_iosapp.entitlements;
				CODE_SIGN_STYLE = Automatic;
				DEVELOPMENT_TEAM = 7X7PKCDRN5;
				INFOPLIST_FILE = DogWalker_iosapp/Info.plist;
				LD_RUNPATH_SEARCH_PATHS = (
					"$(inherited)",
					"@executable_path/Frameworks",
				);
				PRODUCT_BUNDLE_IDENTIFIER = dgu.iosdev.petdiary;
				PRODUCT_NAME = "$(TARGET_NAME)";
				SWIFT_VERSION = 5.0;
				TARGETED_DEVICE_FAMILY = "1,2";
			};
			name = Debug;
		};
		76005377259DB48C0058F313 /* Release */ = {
			isa = XCBuildConfiguration;
			baseConfigurationReference = 5F3146EC17AD24BC32DC027B /* Pods-DogWalker_iosapp.release.xcconfig */;
			buildSettings = {
				ASSETCATALOG_COMPILER_APPICON_NAME = AppIcon;
				ASSETCATALOG_COMPILER_GLOBAL_ACCENT_COLOR_NAME = AccentColor;
				CODE_SIGN_ENTITLEMENTS = DogWalker_iosapp/DogWalker_iosapp.entitlements;
				CODE_SIGN_STYLE = Automatic;
				DEVELOPMENT_TEAM = 7X7PKCDRN5;
				INFOPLIST_FILE = DogWalker_iosapp/Info.plist;
				LD_RUNPATH_SEARCH_PATHS = (
					"$(inherited)",
					"@executable_path/Frameworks",
				);
				PRODUCT_BUNDLE_IDENTIFIER = dgu.iosdev.petdiary;
				PRODUCT_NAME = "$(TARGET_NAME)";
				SWIFT_VERSION = 5.0;
				TARGETED_DEVICE_FAMILY = "1,2";
			};
			name = Release;
		};
/* End XCBuildConfiguration section */

/* Begin XCConfigurationList section */
		7600535C259DB48B0058F313 /* Build configuration list for PBXProject "DogWalker_iosapp" */ = {
			isa = XCConfigurationList;
			buildConfigurations = (
				76005373259DB48C0058F313 /* Debug */,
				76005374259DB48C0058F313 /* Release */,
			);
			defaultConfigurationIsVisible = 0;
			defaultConfigurationName = Release;
		};
		76005375259DB48C0058F313 /* Build configuration list for PBXNativeTarget "DogWalker_iosapp" */ = {
			isa = XCConfigurationList;
			buildConfigurations = (
				76005376259DB48C0058F313 /* Debug */,
				76005377259DB48C0058F313 /* Release */,
			);
			defaultConfigurationIsVisible = 0;
			defaultConfigurationName = Release;
		};
/* End XCConfigurationList section */
	};
	rootObject = 76005359259DB48B0058F313 /* Project object */;
}
